// !$*UTF8*$!
{
	archiveVersion = 1;
	classes = {
	};
	objectVersion = 51;
	objects = {

/* Begin PBXBuildFile section */
		769C23F523A74F8200D92396 /* AppDelegate.swift in Sources */ = {isa = PBXBuildFile; fileRef = 769C23F423A74F8200D92396 /* AppDelegate.swift */; };
		769C23FC23A74F8200D92396 /* Main.storyboard in Resources */ = {isa = PBXBuildFile; fileRef = 769C23FA23A74F8200D92396 /* Main.storyboard */; };
		769C23FE23A74F8300D92396 /* Assets.xcassets in Resources */ = {isa = PBXBuildFile; fileRef = 769C23FD23A74F8300D92396 /* Assets.xcassets */; };
		769C240123A74F8300D92396 /* LaunchScreen.storyboard in Resources */ = {isa = PBXBuildFile; fileRef = 769C23FF23A74F8300D92396 /* LaunchScreen.storyboard */; };
		769C240923A750DF00D92396 /* GoogleService-Info.plist in Resources */ = {isa = PBXBuildFile; fileRef = 769C240823A750DF00D92396 /* GoogleService-Info.plist */; };
		769C240F23A7514E00D92396 /* LoginViewController.swift in Sources */ = {isa = PBXBuildFile; fileRef = 769C240E23A7514E00D92396 /* LoginViewController.swift */; };
		769C241123A7517500D92396 /* IntroViewController.swift in Sources */ = {isa = PBXBuildFile; fileRef = 769C241023A7517500D92396 /* IntroViewController.swift */; };
		76C09F9E23A75AD00015AA42 /* MyReceiptViewController.swift in Sources */ = {isa = PBXBuildFile; fileRef = 76C09F9D23A75AD00015AA42 /* MyReceiptViewController.swift */; };
		76C09FA023A7648B0015AA42 /* CustomFont.swift in Sources */ = {isa = PBXBuildFile; fileRef = 76C09F9F23A7648B0015AA42 /* CustomFont.swift */; };
		76C09FA223A764A20015AA42 /* CustomColor.swift in Sources */ = {isa = PBXBuildFile; fileRef = 76C09FA123A764A20015AA42 /* CustomColor.swift */; };
		76C09FAE23A7764C0015AA42 /* IDSearchViewController.swift in Sources */ = {isa = PBXBuildFile; fileRef = 76C09FAD23A7764C0015AA42 /* IDSearchViewController.swift */; };
		76C09FB023A77C1F0015AA42 /* PWSearchViewController.swift in Sources */ = {isa = PBXBuildFile; fileRef = 76C09FAF23A77C1F0015AA42 /* PWSearchViewController.swift */; };
		76DE8AF723A89CA700186466 /* DataAccess.swift in Sources */ = {isa = PBXBuildFile; fileRef = 76DE8AF623A89CA700186466 /* DataAccess.swift */; };
		76DE8AF923A89CDF00186466 /* Extension.swift in Sources */ = {isa = PBXBuildFile; fileRef = 76DE8AF823A89CDF00186466 /* Extension.swift */; };
		76DE8AFB23A89D1500186466 /* APIInstance.swift in Sources */ = {isa = PBXBuildFile; fileRef = 76DE8AFA23A89D1500186466 /* APIInstance.swift */; };
		76DE8B0023A89EA300186466 /* LoginModel.swift in Sources */ = {isa = PBXBuildFile; fileRef = 76DE8AFF23A89EA300186466 /* LoginModel.swift */; };
		76DE8B0223A8A8D700186466 /* Request.swift in Sources */ = {isa = PBXBuildFile; fileRef = 76DE8B0123A8A8D700186466 /* Request.swift */; };
		76DE8B0423A8AA0C00186466 /* Response.swift in Sources */ = {isa = PBXBuildFile; fileRef = 76DE8B0323A8AA0C00186466 /* Response.swift */; };
		E37672F78CF672BCA8DEECCF /* Pods_BizplayReceipt.framework in Frameworks */ = {isa = PBXBuildFile; fileRef = 87C0C3DCAD3962A5BACB2A31 /* Pods_BizplayReceipt.framework */; };
/* End PBXBuildFile section */

/* Begin PBXFileReference section */
		769C23F123A74F8200D92396 /* 비플 영수증.app */ = {isa = PBXFileReference; explicitFileType = wrapper.application; includeInIndex = 0; path = "비플 영수증.app"; sourceTree = BUILT_PRODUCTS_DIR; };
		769C23F423A74F8200D92396 /* AppDelegate.swift */ = {isa = PBXFileReference; lastKnownFileType = sourcecode.swift; path = AppDelegate.swift; sourceTree = "<group>"; };
		769C23FB23A74F8200D92396 /* Base */ = {isa = PBXFileReference; lastKnownFileType = file.storyboard; name = Base; path = Base.lproj/Main.storyboard; sourceTree = "<group>"; };
		769C23FD23A74F8300D92396 /* Assets.xcassets */ = {isa = PBXFileReference; lastKnownFileType = folder.assetcatalog; path = Assets.xcassets; sourceTree = "<group>"; };
		769C240023A74F8300D92396 /* Base */ = {isa = PBXFileReference; lastKnownFileType = file.storyboard; name = Base; path = Base.lproj/LaunchScreen.storyboard; sourceTree = "<group>"; };
		769C240223A74F8300D92396 /* Info.plist */ = {isa = PBXFileReference; lastKnownFileType = text.plist.xml; path = Info.plist; sourceTree = "<group>"; };
		769C240823A750DF00D92396 /* GoogleService-Info.plist */ = {isa = PBXFileReference; fileEncoding = 4; lastKnownFileType = text.plist.xml; path = "GoogleService-Info.plist"; sourceTree = "<group>"; };
		769C240E23A7514E00D92396 /* LoginViewController.swift */ = {isa = PBXFileReference; lastKnownFileType = sourcecode.swift; path = LoginViewController.swift; sourceTree = "<group>"; };
		769C241023A7517500D92396 /* IntroViewController.swift */ = {isa = PBXFileReference; lastKnownFileType = sourcecode.swift; path = IntroViewController.swift; sourceTree = "<group>"; };
		76C09F9D23A75AD00015AA42 /* MyReceiptViewController.swift */ = {isa = PBXFileReference; lastKnownFileType = sourcecode.swift; path = MyReceiptViewController.swift; sourceTree = "<group>"; };
		76C09F9F23A7648B0015AA42 /* CustomFont.swift */ = {isa = PBXFileReference; lastKnownFileType = sourcecode.swift; path = CustomFont.swift; sourceTree = "<group>"; };
		76C09FA123A764A20015AA42 /* CustomColor.swift */ = {isa = PBXFileReference; lastKnownFileType = sourcecode.swift; path = CustomColor.swift; sourceTree = "<group>"; };
		76C09FAD23A7764C0015AA42 /* IDSearchViewController.swift */ = {isa = PBXFileReference; lastKnownFileType = sourcecode.swift; path = IDSearchViewController.swift; sourceTree = "<group>"; };
		76C09FAF23A77C1F0015AA42 /* PWSearchViewController.swift */ = {isa = PBXFileReference; lastKnownFileType = sourcecode.swift; path = PWSearchViewController.swift; sourceTree = "<group>"; };
		76DE8AF623A89CA700186466 /* DataAccess.swift */ = {isa = PBXFileReference; fileEncoding = 4; lastKnownFileType = sourcecode.swift; path = DataAccess.swift; sourceTree = "<group>"; };
		76DE8AF823A89CDF00186466 /* Extension.swift */ = {isa = PBXFileReference; fileEncoding = 4; lastKnownFileType = sourcecode.swift; path = Extension.swift; sourceTree = "<group>"; };
		76DE8AFA23A89D1500186466 /* APIInstance.swift */ = {isa = PBXFileReference; lastKnownFileType = sourcecode.swift; path = APIInstance.swift; sourceTree = "<group>"; };
		76DE8AFF23A89EA300186466 /* LoginModel.swift */ = {isa = PBXFileReference; fileEncoding = 4; lastKnownFileType = sourcecode.swift; path = LoginModel.swift; sourceTree = "<group>"; };
		76DE8B0123A8A8D700186466 /* Request.swift */ = {isa = PBXFileReference; lastKnownFileType = sourcecode.swift; path = Request.swift; sourceTree = "<group>"; };
		76DE8B0323A8AA0C00186466 /* Response.swift */ = {isa = PBXFileReference; lastKnownFileType = sourcecode.swift; path = Response.swift; sourceTree = "<group>"; };
		7EA5E570CF7C7F65EBFAF19A /* Pods-BizplayReceipt.release.xcconfig */ = {isa = PBXFileReference; includeInIndex = 1; lastKnownFileType = text.xcconfig; name = "Pods-BizplayReceipt.release.xcconfig"; path = "Target Support Files/Pods-BizplayReceipt/Pods-BizplayReceipt.release.xcconfig"; sourceTree = "<group>"; };
		87C0C3DCAD3962A5BACB2A31 /* Pods_BizplayReceipt.framework */ = {isa = PBXFileReference; explicitFileType = wrapper.framework; includeInIndex = 0; path = Pods_BizplayReceipt.framework; sourceTree = BUILT_PRODUCTS_DIR; };
		BF7581D8C54DF397DD56E3EF /* Pods-BizplayReceipt.debug.xcconfig */ = {isa = PBXFileReference; includeInIndex = 1; lastKnownFileType = text.xcconfig; name = "Pods-BizplayReceipt.debug.xcconfig"; path = "Target Support Files/Pods-BizplayReceipt/Pods-BizplayReceipt.debug.xcconfig"; sourceTree = "<group>"; };
/* End PBXFileReference section */

/* Begin PBXFrameworksBuildPhase section */
		769C23EE23A74F8200D92396 /* Frameworks */ = {
			isa = PBXFrameworksBuildPhase;
			buildActionMask = 2147483647;
			files = (
				E37672F78CF672BCA8DEECCF /* Pods_BizplayReceipt.framework in Frameworks */,
			);
			runOnlyForDeploymentPostprocessing = 0;
		};
/* End PBXFrameworksBuildPhase section */

/* Begin PBXGroup section */
		0A85ECFAD29DB442CCB45CF0 /* Frameworks */ = {
			isa = PBXGroup;
			children = (
				87C0C3DCAD3962A5BACB2A31 /* Pods_BizplayReceipt.framework */,
			);
			name = Frameworks;
			sourceTree = "<group>";
		};
		769C23E823A74F8200D92396 = {
			isa = PBXGroup;
			children = (
				769C23F323A74F8200D92396 /* BizplayReceipt */,
				769C23F223A74F8200D92396 /* Products */,
				FD8350E24155A0452F20B50F /* Pods */,
				0A85ECFAD29DB442CCB45CF0 /* Frameworks */,
			);
			sourceTree = "<group>";
		};
		769C23F223A74F8200D92396 /* Products */ = {
			isa = PBXGroup;
			children = (
				769C23F123A74F8200D92396 /* 비플 영수증.app */,
			);
			name = Products;
			sourceTree = "<group>";
		};
		769C23F323A74F8200D92396 /* BizplayReceipt */ = {
			isa = PBXGroup;
			children = (
				76DE8AFC23A89D8A00186466 /* Models */,
				769C23F423A74F8200D92396 /* AppDelegate.swift */,
				769C23FA23A74F8200D92396 /* Main.storyboard */,
				76C09FAF23A77C1F0015AA42 /* PWSearchViewController.swift */,
				76C09FAD23A7764C0015AA42 /* IDSearchViewController.swift */,
				76C09F9F23A7648B0015AA42 /* CustomFont.swift */,
				76C09FA123A764A20015AA42 /* CustomColor.swift */,
				769C23FD23A74F8300D92396 /* Assets.xcassets */,
				769C240E23A7514E00D92396 /* LoginViewController.swift */,
				76DE8AF623A89CA700186466 /* DataAccess.swift */,
				76DE8AF823A89CDF00186466 /* Extension.swift */,
				76C09F9D23A75AD00015AA42 /* MyReceiptViewController.swift */,
				769C241023A7517500D92396 /* IntroViewController.swift */,
				769C23FF23A74F8300D92396 /* LaunchScreen.storyboard */,
				769C240223A74F8300D92396 /* Info.plist */,
				769C240823A750DF00D92396 /* GoogleService-Info.plist */,
				76DE8AFA23A89D1500186466 /* APIInstance.swift */,
			);
			path = BizplayReceipt;
			sourceTree = "<group>";
		};
		76DE8AFC23A89D8A00186466 /* Models */ = {
			isa = PBXGroup;
			children = (
				76DE8AFF23A89EA300186466 /* LoginModel.swift */,
				76DE8B0123A8A8D700186466 /* Request.swift */,
				76DE8B0323A8AA0C00186466 /* Response.swift */,
			);
			path = Models;
			sourceTree = "<group>";
		};
		FD8350E24155A0452F20B50F /* Pods */ = {
			isa = PBXGroup;
			children = (
				BF7581D8C54DF397DD56E3EF /* Pods-BizplayReceipt.debug.xcconfig */,
				7EA5E570CF7C7F65EBFAF19A /* Pods-BizplayReceipt.release.xcconfig */,
			);
			path = Pods;
			sourceTree = "<group>";
		};
/* End PBXGroup section */

/* Begin PBXNativeTarget section */
		769C23F023A74F8200D92396 /* BizplayReceipt */ = {
			isa = PBXNativeTarget;
			buildConfigurationList = 769C240523A74F8300D92396 /* Build configuration list for PBXNativeTarget "BizplayReceipt" */;
			buildPhases = (
				D4DBE9BBBCD2924B03685210 /* [CP] Check Pods Manifest.lock */,
				769C23ED23A74F8200D92396 /* Sources */,
				769C23EE23A74F8200D92396 /* Frameworks */,
				769C23EF23A74F8200D92396 /* Resources */,
				8A4B3775DB280E14DA6D4913 /* [CP] Embed Pods Frameworks */,
			);
			buildRules = (
			);
			dependencies = (
			);
			name = BizplayReceipt;
			productName = BizplayReceipt;
			productReference = 769C23F123A74F8200D92396 /* 비플 영수증.app */;
			productType = "com.apple.product-type.application";
		};
/* End PBXNativeTarget section */

/* Begin PBXProject section */
		769C23E923A74F8200D92396 /* Project object */ = {
			isa = PBXProject;
			attributes = {
				LastSwiftUpdateCheck = 1130;
				LastUpgradeCheck = 1130;
				ORGANIZATIONNAME = WebCash;
				TargetAttributes = {
					769C23F023A74F8200D92396 = {
						CreatedOnToolsVersion = 11.3;
					};
				};
			};
			buildConfigurationList = 769C23EC23A74F8200D92396 /* Build configuration list for PBXProject "BizplayReceipt" */;
			compatibilityVersion = "Xcode 9.3";
			developmentRegion = en;
			hasScannedForEncodings = 0;
			knownRegions = (
				en,
				Base,
			);
			mainGroup = 769C23E823A74F8200D92396;
			productRefGroup = 769C23F223A74F8200D92396 /* Products */;
			projectDirPath = "";
			projectRoot = "";
			targets = (
				769C23F023A74F8200D92396 /* BizplayReceipt */,
			);
		};
/* End PBXProject section */

/* Begin PBXResourcesBuildPhase section */
		769C23EF23A74F8200D92396 /* Resources */ = {
			isa = PBXResourcesBuildPhase;
			buildActionMask = 2147483647;
			files = (
				769C240123A74F8300D92396 /* LaunchScreen.storyboard in Resources */,
				769C240923A750DF00D92396 /* GoogleService-Info.plist in Resources */,
				769C23FE23A74F8300D92396 /* Assets.xcassets in Resources */,
				769C23FC23A74F8200D92396 /* Main.storyboard in Resources */,
			);
			runOnlyForDeploymentPostprocessing = 0;
		};
/* End PBXResourcesBuildPhase section */

/* Begin PBXShellScriptBuildPhase section */
		8A4B3775DB280E14DA6D4913 /* [CP] Embed Pods Frameworks */ = {
			isa = PBXShellScriptBuildPhase;
			buildActionMask = 2147483647;
			files = (
			);
			inputFileListPaths = (
				"${PODS_ROOT}/Target Support Files/Pods-BizplayReceipt/Pods-BizplayReceipt-frameworks-${CONFIGURATION}-input-files.xcfilelist",
			);
			name = "[CP] Embed Pods Frameworks";
			outputFileListPaths = (
				"${PODS_ROOT}/Target Support Files/Pods-BizplayReceipt/Pods-BizplayReceipt-frameworks-${CONFIGURATION}-output-files.xcfilelist",
			);
			runOnlyForDeploymentPostprocessing = 0;
			shellPath = /bin/sh;
			shellScript = "\"${PODS_ROOT}/Target Support Files/Pods-BizplayReceipt/Pods-BizplayReceipt-frameworks.sh\"\n";
			showEnvVarsInLog = 0;
		};
		D4DBE9BBBCD2924B03685210 /* [CP] Check Pods Manifest.lock */ = {
			isa = PBXShellScriptBuildPhase;
			buildActionMask = 2147483647;
			files = (
			);
			inputFileListPaths = (
			);
			inputPaths = (
				"${PODS_PODFILE_DIR_PATH}/Podfile.lock",
				"${PODS_ROOT}/Manifest.lock",
			);
			name = "[CP] Check Pods Manifest.lock";
			outputFileListPaths = (
			);
			outputPaths = (
				"$(DERIVED_FILE_DIR)/Pods-BizplayReceipt-checkManifestLockResult.txt",
			);
			runOnlyForDeploymentPostprocessing = 0;
			shellPath = /bin/sh;
			shellScript = "diff \"${PODS_PODFILE_DIR_PATH}/Podfile.lock\" \"${PODS_ROOT}/Manifest.lock\" > /dev/null\nif [ $? != 0 ] ; then\n    # print error to STDERR\n    echo \"error: The sandbox is not in sync with the Podfile.lock. Run 'pod install' or update your CocoaPods installation.\" >&2\n    exit 1\nfi\n# This output is used by Xcode 'outputs' to avoid re-running this script phase.\necho \"SUCCESS\" > \"${SCRIPT_OUTPUT_FILE_0}\"\n";
			showEnvVarsInLog = 0;
		};
/* End PBXShellScriptBuildPhase section */

/* Begin PBXSourcesBuildPhase section */
		769C23ED23A74F8200D92396 /* Sources */ = {
			isa = PBXSourcesBuildPhase;
			buildActionMask = 2147483647;
			files = (
				76C09FA023A7648B0015AA42 /* CustomFont.swift in Sources */,
				76DE8B0223A8A8D700186466 /* Request.swift in Sources */,
				769C241123A7517500D92396 /* IntroViewController.swift in Sources */,
				76DE8AFB23A89D1500186466 /* APIInstance.swift in Sources */,
				76C09FA223A764A20015AA42 /* CustomColor.swift in Sources */,
				76C09FB023A77C1F0015AA42 /* PWSearchViewController.swift in Sources */,
				76DE8B0423A8AA0C00186466 /* Response.swift in Sources */,
				76C09F9E23A75AD00015AA42 /* MyReceiptViewController.swift in Sources */,
				76DE8AF923A89CDF00186466 /* Extension.swift in Sources */,
				76DE8B0023A89EA300186466 /* LoginModel.swift in Sources */,
				769C240F23A7514E00D92396 /* LoginViewController.swift in Sources */,
				76C09FAE23A7764C0015AA42 /* IDSearchViewController.swift in Sources */,
				76DE8AF723A89CA700186466 /* DataAccess.swift in Sources */,
				769C23F523A74F8200D92396 /* AppDelegate.swift in Sources */,
			);
			runOnlyForDeploymentPostprocessing = 0;
		};
/* End PBXSourcesBuildPhase section */

/* Begin PBXVariantGroup section */
		769C23FA23A74F8200D92396 /* Main.storyboard */ = {
			isa = PBXVariantGroup;
			children = (
				769C23FB23A74F8200D92396 /* Base */,
			);
			name = Main.storyboard;
			sourceTree = "<group>";
		};
		769C23FF23A74F8300D92396 /* LaunchScreen.storyboard */ = {
			isa = PBXVariantGroup;
			children = (
				769C240023A74F8300D92396 /* Base */,
			);
			name = LaunchScreen.storyboard;
			sourceTree = "<group>";
		};
/* End PBXVariantGroup section */

/* Begin XCBuildConfiguration section */
		769C240323A74F8300D92396 /* Debug */ = {
			isa = XCBuildConfiguration;
			buildSettings = {
				ALWAYS_SEARCH_USER_PATHS = NO;
				CLANG_ANALYZER_NONNULL = YES;
				CLANG_ANALYZER_NUMBER_OBJECT_CONVERSION = YES_AGGRESSIVE;
				CLANG_CXX_LANGUAGE_STANDARD = "gnu++14";
				CLANG_CXX_LIBRARY = "libc++";
				CLANG_ENABLE_MODULES = YES;
				CLANG_ENABLE_OBJC_ARC = YES;
				CLANG_ENABLE_OBJC_WEAK = YES;
				CLANG_WARN_BLOCK_CAPTURE_AUTORELEASING = YES;
				CLANG_WARN_BOOL_CONVERSION = YES;
				CLANG_WARN_COMMA = YES;
				CLANG_WARN_CONSTANT_CONVERSION = YES;
				CLANG_WARN_DEPRECATED_OBJC_IMPLEMENTATIONS = YES;
				CLANG_WARN_DIRECT_OBJC_ISA_USAGE = YES_ERROR;
				CLANG_WARN_DOCUMENTATION_COMMENTS = YES;
				CLANG_WARN_EMPTY_BODY = YES;
				CLANG_WARN_ENUM_CONVERSION = YES;
				CLANG_WARN_INFINITE_RECURSION = YES;
				CLANG_WARN_INT_CONVERSION = YES;
				CLANG_WARN_NON_LITERAL_NULL_CONVERSION = YES;
				CLANG_WARN_OBJC_IMPLICIT_RETAIN_SELF = YES;
				CLANG_WARN_OBJC_LITERAL_CONVERSION = YES;
				CLANG_WARN_OBJC_ROOT_CLASS = YES_ERROR;
				CLANG_WARN_RANGE_LOOP_ANALYSIS = YES;
				CLANG_WARN_STRICT_PROTOTYPES = YES;
				CLANG_WARN_SUSPICIOUS_MOVE = YES;
				CLANG_WARN_UNGUARDED_AVAILABILITY = YES_AGGRESSIVE;
				CLANG_WARN_UNREACHABLE_CODE = YES;
				CLANG_WARN__DUPLICATE_METHOD_MATCH = YES;
				COPY_PHASE_STRIP = NO;
				DEBUG_INFORMATION_FORMAT = dwarf;
				ENABLE_STRICT_OBJC_MSGSEND = YES;
				ENABLE_TESTABILITY = YES;
				GCC_C_LANGUAGE_STANDARD = gnu11;
				GCC_DYNAMIC_NO_PIC = NO;
				GCC_NO_COMMON_BLOCKS = YES;
				GCC_OPTIMIZATION_LEVEL = 0;
				GCC_PREPROCESSOR_DEFINITIONS = (
					"DEBUG=1",
					"$(inherited)",
				);
				GCC_WARN_64_TO_32_BIT_CONVERSION = YES;
				GCC_WARN_ABOUT_RETURN_TYPE = YES_ERROR;
				GCC_WARN_UNDECLARED_SELECTOR = YES;
				GCC_WARN_UNINITIALIZED_AUTOS = YES_AGGRESSIVE;
				GCC_WARN_UNUSED_FUNCTION = YES;
				GCC_WARN_UNUSED_VARIABLE = YES;
				IPHONEOS_DEPLOYMENT_TARGET = 13.2;
				MTL_ENABLE_DEBUG_INFO = INCLUDE_SOURCE;
				MTL_FAST_MATH = YES;
				ONLY_ACTIVE_ARCH = YES;
				SDKROOT = iphoneos;
				SWIFT_ACTIVE_COMPILATION_CONDITIONS = DEBUG;
				SWIFT_OPTIMIZATION_LEVEL = "-Onone";
			};
			name = Debug;
		};
		769C240423A74F8300D92396 /* Release */ = {
			isa = XCBuildConfiguration;
			buildSettings = {
				ALWAYS_SEARCH_USER_PATHS = NO;
				CLANG_ANALYZER_NONNULL = YES;
				CLANG_ANALYZER_NUMBER_OBJECT_CONVERSION = YES_AGGRESSIVE;
				CLANG_CXX_LANGUAGE_STANDARD = "gnu++14";
				CLANG_CXX_LIBRARY = "libc++";
				CLANG_ENABLE_MODULES = YES;
				CLANG_ENABLE_OBJC_ARC = YES;
				CLANG_ENABLE_OBJC_WEAK = YES;
				CLANG_WARN_BLOCK_CAPTURE_AUTORELEASING = YES;
				CLANG_WARN_BOOL_CONVERSION = YES;
				CLANG_WARN_COMMA = YES;
				CLANG_WARN_CONSTANT_CONVERSION = YES;
				CLANG_WARN_DEPRECATED_OBJC_IMPLEMENTATIONS = YES;
				CLANG_WARN_DIRECT_OBJC_ISA_USAGE = YES_ERROR;
				CLANG_WARN_DOCUMENTATION_COMMENTS = YES;
				CLANG_WARN_EMPTY_BODY = YES;
				CLANG_WARN_ENUM_CONVERSION = YES;
				CLANG_WARN_INFINITE_RECURSION = YES;
				CLANG_WARN_INT_CONVERSION = YES;
				CLANG_WARN_NON_LITERAL_NULL_CONVERSION = YES;
				CLANG_WARN_OBJC_IMPLICIT_RETAIN_SELF = YES;
				CLANG_WARN_OBJC_LITERAL_CONVERSION = YES;
				CLANG_WARN_OBJC_ROOT_CLASS = YES_ERROR;
				CLANG_WARN_RANGE_LOOP_ANALYSIS = YES;
				CLANG_WARN_STRICT_PROTOTYPES = YES;
				CLANG_WARN_SUSPICIOUS_MOVE = YES;
				CLANG_WARN_UNGUARDED_AVAILABILITY = YES_AGGRESSIVE;
				CLANG_WARN_UNREACHABLE_CODE = YES;
				CLANG_WARN__DUPLICATE_METHOD_MATCH = YES;
				COPY_PHASE_STRIP = NO;
				DEBUG_INFORMATION_FORMAT = "dwarf-with-dsym";
				ENABLE_NS_ASSERTIONS = NO;
				ENABLE_STRICT_OBJC_MSGSEND = YES;
				GCC_C_LANGUAGE_STANDARD = gnu11;
				GCC_NO_COMMON_BLOCKS = YES;
				GCC_WARN_64_TO_32_BIT_CONVERSION = YES;
				GCC_WARN_ABOUT_RETURN_TYPE = YES_ERROR;
				GCC_WARN_UNDECLARED_SELECTOR = YES;
				GCC_WARN_UNINITIALIZED_AUTOS = YES_AGGRESSIVE;
				GCC_WARN_UNUSED_FUNCTION = YES;
				GCC_WARN_UNUSED_VARIABLE = YES;
				IPHONEOS_DEPLOYMENT_TARGET = 13.2;
				MTL_ENABLE_DEBUG_INFO = NO;
				MTL_FAST_MATH = YES;
				SDKROOT = iphoneos;
				SWIFT_COMPILATION_MODE = wholemodule;
				SWIFT_OPTIMIZATION_LEVEL = "-O";
				VALIDATE_PRODUCT = YES;
			};
			name = Release;
		};
		769C240623A74F8300D92396 /* Debug */ = {
			isa = XCBuildConfiguration;
			baseConfigurationReference = BF7581D8C54DF397DD56E3EF /* Pods-BizplayReceipt.debug.xcconfig */;
			buildSettings = {
				ASSETCATALOG_COMPILER_APPICON_NAME = AppIcon;
				CODE_SIGN_IDENTITY = "Apple Development";
				CODE_SIGN_STYLE = Automatic;
				DEVELOPMENT_TEAM = DL7DPUW7R9;
				INFOPLIST_FILE = BizplayReceipt/Info.plist;
				IPHONEOS_DEPLOYMENT_TARGET = 11.0;
				LD_RUNPATH_SEARCH_PATHS = (
					"$(inherited)",
					"@executable_path/Frameworks",
				);
				PRODUCT_BUNDLE_IDENTIFIER = "com.webcash.bizplay-receipt";
				PRODUCT_NAME = "비플 영수증";
				PROVISIONING_PROFILE_SPECIFIER = "";
				SWIFT_VERSION = 5.0;
				TARGETED_DEVICE_FAMILY = 1;
			};
			name = Debug;
		};
		769C240723A74F8300D92396 /* Release */ = {
			isa = XCBuildConfiguration;
			baseConfigurationReference = 7EA5E570CF7C7F65EBFAF19A /* Pods-BizplayReceipt.release.xcconfig */;
			buildSettings = {
				ASSETCATALOG_COMPILER_APPICON_NAME = AppIcon;
				CODE_SIGN_IDENTITY = "Apple Development";
				CODE_SIGN_STYLE = Automatic;
				DEVELOPMENT_TEAM = DL7DPUW7R9;
				INFOPLIST_FILE = BizplayReceipt/Info.plist;
				IPHONEOS_DEPLOYMENT_TARGET = 11.0;
				LD_RUNPATH_SEARCH_PATHS = (
					"$(inherited)",
					"@executable_path/Frameworks",
				);
				PRODUCT_BUNDLE_IDENTIFIER = "com.webcash.bizplay-receipt";
				PRODUCT_NAME = "비플 영수증";
				PROVISIONING_PROFILE_SPECIFIER = "";
				SWIFT_VERSION = 5.0;
				TARGETED_DEVICE_FAMILY = 1;
			};
			name = Release;
		};
/* End XCBuildConfiguration section */

/* Begin XCConfigurationList section */
		769C23EC23A74F8200D92396 /* Build configuration list for PBXProject "BizplayReceipt" */ = {
			isa = XCConfigurationList;
			buildConfigurations = (
				769C240323A74F8300D92396 /* Debug */,
				769C240423A74F8300D92396 /* Release */,
			);
			defaultConfigurationIsVisible = 0;
			defaultConfigurationName = Release;
		};
		769C240523A74F8300D92396 /* Build configuration list for PBXNativeTarget "BizplayReceipt" */ = {
			isa = XCConfigurationList;
			buildConfigurations = (
				769C240623A74F8300D92396 /* Debug */,
				769C240723A74F8300D92396 /* Release */,
			);
			defaultConfigurationIsVisible = 0;
			defaultConfigurationName = Release;
		};
/* End XCConfigurationList section */
	};
	rootObject = 769C23E923A74F8200D92396 /* Project object */;
}
