// !$*UTF8*$!
{
	archiveVersion = 1;
	classes = {
	};
	objectVersion = 50;
	objects = {

/* Begin PBXBuildFile section */
		76454CF423B07DCA00E4A1DF /* CompanySelectionPopup.swift in Sources */ = {isa = PBXBuildFile; fileRef = 76454CF323B07DCA00E4A1DF /* CompanySelectionPopup.swift */; };
		76454CF623B07DDA00E4A1DF /* PopupSB.storyboard in Resources */ = {isa = PBXBuildFile; fileRef = 76454CF523B07DDA00E4A1DF /* PopupSB.storyboard */; };
		76454CF823B07F1C00E4A1DF /* CompanyCustomCell.swift in Sources */ = {isa = PBXBuildFile; fileRef = 76454CF723B07F1C00E4A1DF /* CompanyCustomCell.swift */; };
		7659AED623A9E19C00AFF5A0 /* IntroViewController.swift in Sources */ = {isa = PBXBuildFile; fileRef = 7659AED523A9E19C00AFF5A0 /* IntroViewController.swift */; };
		769C23F523A74F8200D92396 /* AppDelegate.swift in Sources */ = {isa = PBXBuildFile; fileRef = 769C23F423A74F8200D92396 /* AppDelegate.swift */; };
		769C23FC23A74F8200D92396 /* Main.storyboard in Resources */ = {isa = PBXBuildFile; fileRef = 769C23FA23A74F8200D92396 /* Main.storyboard */; };
		769C23FE23A74F8300D92396 /* Assets.xcassets in Resources */ = {isa = PBXBuildFile; fileRef = 769C23FD23A74F8300D92396 /* Assets.xcassets */; };
		769C240123A74F8300D92396 /* LaunchScreen.storyboard in Resources */ = {isa = PBXBuildFile; fileRef = 769C23FF23A74F8300D92396 /* LaunchScreen.storyboard */; };
		769C240923A750DF00D92396 /* GoogleService-Info.plist in Resources */ = {isa = PBXBuildFile; fileRef = 769C240823A750DF00D92396 /* GoogleService-Info.plist */; };
		769C240F23A7514E00D92396 /* LoginViewController.swift in Sources */ = {isa = PBXBuildFile; fileRef = 769C240E23A7514E00D92396 /* LoginViewController.swift */; };
		76A07BB323A9DDBA00CFB20B /* LoginModel.swift in Sources */ = {isa = PBXBuildFile; fileRef = 76A07BB123A9DDBA00CFB20B /* LoginModel.swift */; };
		76A07BB423A9DDBA00CFB20B /* LoginViewModel.swift in Sources */ = {isa = PBXBuildFile; fileRef = 76A07BB223A9DDBA00CFB20B /* LoginViewModel.swift */; };
		76A07BB923A9DE0700CFB20B /* MGModel.swift in Sources */ = {isa = PBXBuildFile; fileRef = 76A07BB623A9DE0600CFB20B /* MGModel.swift */; };
		76A07BBA23A9DE0700CFB20B /* MGViewModel.swift in Sources */ = {isa = PBXBuildFile; fileRef = 76A07BB723A9DE0700CFB20B /* MGViewModel.swift */; };
		76A07BBB23A9DE0700CFB20B /* MGViewController.swift in Sources */ = {isa = PBXBuildFile; fileRef = 76A07BB823A9DE0700CFB20B /* MGViewController.swift */; };
		76A07BC523A9DE3D00CFB20B /* DataAccess.swift in Sources */ = {isa = PBXBuildFile; fileRef = 76A07BBF23A9DE3D00CFB20B /* DataAccess.swift */; };
		76A07BC623A9DE3D00CFB20B /* Extension.swift in Sources */ = {isa = PBXBuildFile; fileRef = 76A07BC023A9DE3D00CFB20B /* Extension.swift */; };
		76A07BC723A9DE3D00CFB20B /* DeviceInfo.swift in Sources */ = {isa = PBXBuildFile; fileRef = 76A07BC123A9DE3D00CFB20B /* DeviceInfo.swift */; };
		76A07BC823A9DE3D00CFB20B /* Response.swift in Sources */ = {isa = PBXBuildFile; fileRef = 76A07BC223A9DE3D00CFB20B /* Response.swift */; };
		76A07BC923A9DE3D00CFB20B /* ShareInstance.swift in Sources */ = {isa = PBXBuildFile; fileRef = 76A07BC323A9DE3D00CFB20B /* ShareInstance.swift */; };
		76A07BCA23A9DE3D00CFB20B /* Request.swift in Sources */ = {isa = PBXBuildFile; fileRef = 76A07BC423A9DE3D00CFB20B /* Request.swift */; };
		76A48A1F23B1E9D400C18958 /* MyReceiptSB.storyboard in Resources */ = {isa = PBXBuildFile; fileRef = 76A48A1E23B1E9D400C18958 /* MyReceiptSB.storyboard */; };
		76C09F9E23A75AD00015AA42 /* MyReceiptViewController.swift in Sources */ = {isa = PBXBuildFile; fileRef = 76C09F9D23A75AD00015AA42 /* MyReceiptViewController.swift */; };
		76C09FA023A7648B0015AA42 /* CustomFont.swift in Sources */ = {isa = PBXBuildFile; fileRef = 76C09F9F23A7648B0015AA42 /* CustomFont.swift */; };
		76C09FA223A764A20015AA42 /* CustomColor.swift in Sources */ = {isa = PBXBuildFile; fileRef = 76C09FA123A764A20015AA42 /* CustomColor.swift */; };
		76C09FAE23A7764C0015AA42 /* IDSearchViewController.swift in Sources */ = {isa = PBXBuildFile; fileRef = 76C09FAD23A7764C0015AA42 /* IDSearchViewController.swift */; };
		76C09FB023A77C1F0015AA42 /* PWSearchViewController.swift in Sources */ = {isa = PBXBuildFile; fileRef = 76C09FAF23A77C1F0015AA42 /* PWSearchViewController.swift */; };
		76D0B97923B1ECE90002410E /* NotificationViewController.swift in Sources */ = {isa = PBXBuildFile; fileRef = 76D0B97823B1ECE90002410E /* NotificationViewController.swift */; };
		76D0B97B23B1ECFE0002410E /* MoreViewController.swift in Sources */ = {isa = PBXBuildFile; fileRef = 76D0B97A23B1ECFE0002410E /* MoreViewController.swift */; };
		76D0B97D23B1F3BD0002410E /* MyReceiptTabBarController.swift in Sources */ = {isa = PBXBuildFile; fileRef = 76D0B97C23B1F3BD0002410E /* MyReceiptTabBarController.swift */; };
		F45D07C05B421EF21BCA972D /* Pods_BizplayReceipt.framework in Frameworks */ = {isa = PBXBuildFile; fileRef = 0D643558C25618C56A7C62FA /* Pods_BizplayReceipt.framework */; };
/* End PBXBuildFile section */

/* Begin PBXFileReference section */
		0D643558C25618C56A7C62FA /* Pods_BizplayReceipt.framework */ = {isa = PBXFileReference; explicitFileType = wrapper.framework; includeInIndex = 0; path = Pods_BizplayReceipt.framework; sourceTree = BUILT_PRODUCTS_DIR; };
		1CE189F474AAABFC4CB191AB /* Pods-BizplayReceipt.release.xcconfig */ = {isa = PBXFileReference; includeInIndex = 1; lastKnownFileType = text.xcconfig; name = "Pods-BizplayReceipt.release.xcconfig"; path = "Target Support Files/Pods-BizplayReceipt/Pods-BizplayReceipt.release.xcconfig"; sourceTree = "<group>"; };
		39A53285B065C84490DCC019 /* Pods-BizplayReceipt.debug.xcconfig */ = {isa = PBXFileReference; includeInIndex = 1; lastKnownFileType = text.xcconfig; name = "Pods-BizplayReceipt.debug.xcconfig"; path = "Target Support Files/Pods-BizplayReceipt/Pods-BizplayReceipt.debug.xcconfig"; sourceTree = "<group>"; };
		76454CF323B07DCA00E4A1DF /* CompanySelectionPopup.swift */ = {isa = PBXFileReference; lastKnownFileType = sourcecode.swift; path = CompanySelectionPopup.swift; sourceTree = "<group>"; };
		76454CF523B07DDA00E4A1DF /* PopupSB.storyboard */ = {isa = PBXFileReference; lastKnownFileType = file.storyboard; path = PopupSB.storyboard; sourceTree = "<group>"; };
		76454CF723B07F1C00E4A1DF /* CompanyCustomCell.swift */ = {isa = PBXFileReference; lastKnownFileType = sourcecode.swift; path = CompanyCustomCell.swift; sourceTree = "<group>"; };
		7659AED523A9E19C00AFF5A0 /* IntroViewController.swift */ = {isa = PBXFileReference; fileEncoding = 4; lastKnownFileType = sourcecode.swift; name = IntroViewController.swift; path = BizplayReceipt/View/Main/IntroViewController.swift; sourceTree = SOURCE_ROOT; };
		769C23F123A74F8200D92396 /* 비플 영수증.app */ = {isa = PBXFileReference; explicitFileType = wrapper.application; includeInIndex = 0; path = "비플 영수증.app"; sourceTree = BUILT_PRODUCTS_DIR; };
		769C23F423A74F8200D92396 /* AppDelegate.swift */ = {isa = PBXFileReference; lastKnownFileType = sourcecode.swift; path = AppDelegate.swift; sourceTree = "<group>"; };
		769C23FB23A74F8200D92396 /* Base */ = {isa = PBXFileReference; lastKnownFileType = file.storyboard; name = Base; path = Base.lproj/Main.storyboard; sourceTree = "<group>"; };
		769C23FD23A74F8300D92396 /* Assets.xcassets */ = {isa = PBXFileReference; lastKnownFileType = folder.assetcatalog; path = Assets.xcassets; sourceTree = "<group>"; };
		769C240023A74F8300D92396 /* Base */ = {isa = PBXFileReference; lastKnownFileType = file.storyboard; name = Base; path = Base.lproj/LaunchScreen.storyboard; sourceTree = "<group>"; };
		769C240223A74F8300D92396 /* Info.plist */ = {isa = PBXFileReference; lastKnownFileType = text.plist.xml; path = Info.plist; sourceTree = "<group>"; };
		769C240823A750DF00D92396 /* GoogleService-Info.plist */ = {isa = PBXFileReference; fileEncoding = 4; lastKnownFileType = text.plist.xml; path = "GoogleService-Info.plist"; sourceTree = "<group>"; };
		769C240E23A7514E00D92396 /* LoginViewController.swift */ = {isa = PBXFileReference; lastKnownFileType = sourcecode.swift; path = LoginViewController.swift; sourceTree = "<group>"; };
		76A07BB123A9DDBA00CFB20B /* LoginModel.swift */ = {isa = PBXFileReference; fileEncoding = 4; lastKnownFileType = sourcecode.swift; path = LoginModel.swift; sourceTree = "<group>"; };
		76A07BB223A9DDBA00CFB20B /* LoginViewModel.swift */ = {isa = PBXFileReference; fileEncoding = 4; lastKnownFileType = sourcecode.swift; path = LoginViewModel.swift; sourceTree = "<group>"; };
		76A07BB623A9DE0600CFB20B /* MGModel.swift */ = {isa = PBXFileReference; fileEncoding = 4; lastKnownFileType = sourcecode.swift; path = MGModel.swift; sourceTree = "<group>"; };
		76A07BB723A9DE0700CFB20B /* MGViewModel.swift */ = {isa = PBXFileReference; fileEncoding = 4; lastKnownFileType = sourcecode.swift; path = MGViewModel.swift; sourceTree = "<group>"; };
		76A07BB823A9DE0700CFB20B /* MGViewController.swift */ = {isa = PBXFileReference; fileEncoding = 4; lastKnownFileType = sourcecode.swift; path = MGViewController.swift; sourceTree = "<group>"; };
		76A07BBF23A9DE3D00CFB20B /* DataAccess.swift */ = {isa = PBXFileReference; fileEncoding = 4; lastKnownFileType = sourcecode.swift; path = DataAccess.swift; sourceTree = "<group>"; };
		76A07BC023A9DE3D00CFB20B /* Extension.swift */ = {isa = PBXFileReference; fileEncoding = 4; lastKnownFileType = sourcecode.swift; path = Extension.swift; sourceTree = "<group>"; };
		76A07BC123A9DE3D00CFB20B /* DeviceInfo.swift */ = {isa = PBXFileReference; fileEncoding = 4; lastKnownFileType = sourcecode.swift; path = DeviceInfo.swift; sourceTree = "<group>"; };
		76A07BC223A9DE3D00CFB20B /* Response.swift */ = {isa = PBXFileReference; fileEncoding = 4; lastKnownFileType = sourcecode.swift; path = Response.swift; sourceTree = "<group>"; };
		76A07BC323A9DE3D00CFB20B /* ShareInstance.swift */ = {isa = PBXFileReference; fileEncoding = 4; lastKnownFileType = sourcecode.swift; path = ShareInstance.swift; sourceTree = "<group>"; };
		76A07BC423A9DE3D00CFB20B /* Request.swift */ = {isa = PBXFileReference; fileEncoding = 4; lastKnownFileType = sourcecode.swift; path = Request.swift; sourceTree = "<group>"; };
		76A48A1E23B1E9D400C18958 /* MyReceiptSB.storyboard */ = {isa = PBXFileReference; lastKnownFileType = file.storyboard; path = MyReceiptSB.storyboard; sourceTree = "<group>"; };
		76C09F9D23A75AD00015AA42 /* MyReceiptViewController.swift */ = {isa = PBXFileReference; lastKnownFileType = sourcecode.swift; path = MyReceiptViewController.swift; sourceTree = "<group>"; };
		76C09F9F23A7648B0015AA42 /* CustomFont.swift */ = {isa = PBXFileReference; lastKnownFileType = sourcecode.swift; path = CustomFont.swift; sourceTree = "<group>"; };
		76C09FA123A764A20015AA42 /* CustomColor.swift */ = {isa = PBXFileReference; lastKnownFileType = sourcecode.swift; path = CustomColor.swift; sourceTree = "<group>"; };
		76C09FAD23A7764C0015AA42 /* IDSearchViewController.swift */ = {isa = PBXFileReference; lastKnownFileType = sourcecode.swift; path = IDSearchViewController.swift; sourceTree = "<group>"; };
		76C09FAF23A77C1F0015AA42 /* PWSearchViewController.swift */ = {isa = PBXFileReference; lastKnownFileType = sourcecode.swift; path = PWSearchViewController.swift; sourceTree = "<group>"; };
		76D0B97823B1ECE90002410E /* NotificationViewController.swift */ = {isa = PBXFileReference; lastKnownFileType = sourcecode.swift; path = NotificationViewController.swift; sourceTree = "<group>"; };
		76D0B97A23B1ECFE0002410E /* MoreViewController.swift */ = {isa = PBXFileReference; lastKnownFileType = sourcecode.swift; path = MoreViewController.swift; sourceTree = "<group>"; };
		76D0B97C23B1F3BD0002410E /* MyReceiptTabBarController.swift */ = {isa = PBXFileReference; lastKnownFileType = sourcecode.swift; path = MyReceiptTabBarController.swift; sourceTree = "<group>"; };
/* End PBXFileReference section */

/* Begin PBXFrameworksBuildPhase section */
		769C23EE23A74F8200D92396 /* Frameworks */ = {
			isa = PBXFrameworksBuildPhase;
			buildActionMask = 2147483647;
			files = (
				F45D07C05B421EF21BCA972D /* Pods_BizplayReceipt.framework in Frameworks */,
			);
			runOnlyForDeploymentPostprocessing = 0;
		};
/* End PBXFrameworksBuildPhase section */

/* Begin PBXGroup section */
		4EC19B1116D525A85ECFF25A /* Pods */ = {
			isa = PBXGroup;
			children = (
				39A53285B065C84490DCC019 /* Pods-BizplayReceipt.debug.xcconfig */,
				1CE189F474AAABFC4CB191AB /* Pods-BizplayReceipt.release.xcconfig */,
			);
			name = Pods;
			path = Pods;
			sourceTree = "<group>";
		};
		76454CF223B07DA900E4A1DF /* Popup */ = {
			isa = PBXGroup;
			children = (
				76454CF323B07DCA00E4A1DF /* CompanySelectionPopup.swift */,
				76454CF523B07DDA00E4A1DF /* PopupSB.storyboard */,
				76454CF723B07F1C00E4A1DF /* CompanyCustomCell.swift */,
			);
			path = Popup;
			sourceTree = "<group>";
		};
		769C23E823A74F8200D92396 = {
			isa = PBXGroup;
			children = (
				769C23F323A74F8200D92396 /* BizplayReceipt */,
				769C23F223A74F8200D92396 /* Products */,
				4EC19B1116D525A85ECFF25A /* Pods */,
				7BC079D4165257C1B473686B /* Frameworks */,
			);
			sourceTree = "<group>";
		};
		769C23F223A74F8200D92396 /* Products */ = {
			isa = PBXGroup;
			children = (
				769C23F123A74F8200D92396 /* 비플 영수증.app */,
			);
			name = Products;
			sourceTree = "<group>";
		};
		769C23F323A74F8200D92396 /* BizplayReceipt */ = {
			isa = PBXGroup;
			children = (
				76A07BCB23A9DEA400CFB20B /* ApplicationFiles */,
				76A07BBE23A9DE2F00CFB20B /* Common */,
				76A07BCC23A9DED600CFB20B /* View */,
			);
			path = BizplayReceipt;
			sourceTree = "<group>";
		};
		76A07BB023A9DDA800CFB20B /* Login */ = {
			isa = PBXGroup;
			children = (
				76C09FAF23A77C1F0015AA42 /* PWSearchViewController.swift */,
				769C240E23A7514E00D92396 /* LoginViewController.swift */,
				76A07BB123A9DDBA00CFB20B /* LoginModel.swift */,
				76A07BB223A9DDBA00CFB20B /* LoginViewModel.swift */,
				76C09FAD23A7764C0015AA42 /* IDSearchViewController.swift */,
			);
			path = Login;
			sourceTree = "<group>";
		};
		76A07BB523A9DDFB00CFB20B /* MG */ = {
			isa = PBXGroup;
			children = (
				76A07BB623A9DE0600CFB20B /* MGModel.swift */,
				76A07BB823A9DE0700CFB20B /* MGViewController.swift */,
				76A07BB723A9DE0700CFB20B /* MGViewModel.swift */,
			);
			path = MG;
			sourceTree = "<group>";
		};
		76A07BBE23A9DE2F00CFB20B /* Common */ = {
			isa = PBXGroup;
			children = (
				76454CF223B07DA900E4A1DF /* Popup */,
				76A07BBF23A9DE3D00CFB20B /* DataAccess.swift */,
				76A07BC123A9DE3D00CFB20B /* DeviceInfo.swift */,
				76A07BC023A9DE3D00CFB20B /* Extension.swift */,
				76A07BC423A9DE3D00CFB20B /* Request.swift */,
				76A07BC223A9DE3D00CFB20B /* Response.swift */,
				76A07BC323A9DE3D00CFB20B /* ShareInstance.swift */,
				76C09F9F23A7648B0015AA42 /* CustomFont.swift */,
				76C09FA123A764A20015AA42 /* CustomColor.swift */,
			);
			path = Common;
			sourceTree = "<group>";
		};
		76A07BCB23A9DEA400CFB20B /* ApplicationFiles */ = {
			isa = PBXGroup;
			children = (
				769C23F423A74F8200D92396 /* AppDelegate.swift */,
				769C23FD23A74F8300D92396 /* Assets.xcassets */,
				769C23FF23A74F8300D92396 /* LaunchScreen.storyboard */,
				769C240223A74F8300D92396 /* Info.plist */,
				769C240823A750DF00D92396 /* GoogleService-Info.plist */,
			);
			path = ApplicationFiles;
			sourceTree = "<group>";
		};
		76A07BCC23A9DED600CFB20B /* View */ = {
			isa = PBXGroup;
			children = (
				76A48A1C23B1E91600C18958 /* Main */,
				76A07BB523A9DDFB00CFB20B /* MG */,
				76A07BB023A9DDA800CFB20B /* Login */,
			);
			path = View;
			sourceTree = "<group>";
		};
		76A48A1C23B1E91600C18958 /* Main */ = {
			isa = PBXGroup;
			children = (
				7659AED523A9E19C00AFF5A0 /* IntroViewController.swift */,
				769C23FA23A74F8200D92396 /* Main.storyboard */,
				76D0B97E23B1FB750002410E /* MyReceipt */,
			);
			path = Main;
			sourceTree = "<group>";
		};
		76D0B97E23B1FB750002410E /* MyReceipt */ = {
			isa = PBXGroup;
			children = (
				76D0B97C23B1F3BD0002410E /* MyReceiptTabBarController.swift */,
				76A48A1E23B1E9D400C18958 /* MyReceiptSB.storyboard */,
				76C09F9D23A75AD00015AA42 /* MyReceiptViewController.swift */,
				76D0B97823B1ECE90002410E /* NotificationViewController.swift */,
				76D0B97A23B1ECFE0002410E /* MoreViewController.swift */,
			);
			path = MyReceipt;
			sourceTree = "<group>";
		};
		7BC079D4165257C1B473686B /* Frameworks */ = {
			isa = PBXGroup;
			children = (
				0D643558C25618C56A7C62FA /* Pods_BizplayReceipt.framework */,
			);
			name = Frameworks;
			sourceTree = "<group>";
		};
/* End PBXGroup section */

/* Begin PBXNativeTarget section */
		769C23F023A74F8200D92396 /* BizplayReceipt */ = {
			isa = PBXNativeTarget;
			buildConfigurationList = 769C240523A74F8300D92396 /* Build configuration list for PBXNativeTarget "BizplayReceipt" */;
			buildPhases = (
				52DA1638CD0D0C4F9FE416C3 /* [CP] Check Pods Manifest.lock */,
				769C23ED23A74F8200D92396 /* Sources */,
				769C23EE23A74F8200D92396 /* Frameworks */,
				769C23EF23A74F8200D92396 /* Resources */,
				F913D097B3724F49D715731B /* [CP] Embed Pods Frameworks */,
			);
			buildRules = (
			);
			dependencies = (
			);
			name = BizplayReceipt;
			productName = BizplayReceipt;
			productReference = 769C23F123A74F8200D92396 /* 비플 영수증.app */;
			productType = "com.apple.product-type.application";
		};
/* End PBXNativeTarget section */

/* Begin PBXProject section */
		769C23E923A74F8200D92396 /* Project object */ = {
			isa = PBXProject;
			attributes = {
				LastSwiftUpdateCheck = 1130;
				LastUpgradeCheck = 1130;
				ORGANIZATIONNAME = WebCash;
				TargetAttributes = {
					769C23F023A74F8200D92396 = {
						CreatedOnToolsVersion = 11.3;
					};
				};
			};
			buildConfigurationList = 769C23EC23A74F8200D92396 /* Build configuration list for PBXProject "BizplayReceipt" */;
			compatibilityVersion = "Xcode 9.3";
			developmentRegion = en;
			hasScannedForEncodings = 0;
			knownRegions = (
				en,
				Base,
			);
			mainGroup = 769C23E823A74F8200D92396;
			productRefGroup = 769C23F223A74F8200D92396 /* Products */;
			projectDirPath = "";
			projectRoot = "";
			targets = (
				769C23F023A74F8200D92396 /* BizplayReceipt */,
			);
		};
/* End PBXProject section */

/* Begin PBXResourcesBuildPhase section */
		769C23EF23A74F8200D92396 /* Resources */ = {
			isa = PBXResourcesBuildPhase;
			buildActionMask = 2147483647;
			files = (
				76A48A1F23B1E9D400C18958 /* MyReceiptSB.storyboard in Resources */,
				769C240123A74F8300D92396 /* LaunchScreen.storyboard in Resources */,
				769C240923A750DF00D92396 /* GoogleService-Info.plist in Resources */,
				769C23FE23A74F8300D92396 /* Assets.xcassets in Resources */,
				76454CF623B07DDA00E4A1DF /* PopupSB.storyboard in Resources */,
				769C23FC23A74F8200D92396 /* Main.storyboard in Resources */,
			);
			runOnlyForDeploymentPostprocessing = 0;
		};
/* End PBXResourcesBuildPhase section */

/* Begin PBXShellScriptBuildPhase section */
		52DA1638CD0D0C4F9FE416C3 /* [CP] Check Pods Manifest.lock */ = {
			isa = PBXShellScriptBuildPhase;
			buildActionMask = 2147483647;
			files = (
			);
			inputFileListPaths = (
			);
			inputPaths = (
				"${PODS_PODFILE_DIR_PATH}/Podfile.lock",
				"${PODS_ROOT}/Manifest.lock",
			);
			name = "[CP] Check Pods Manifest.lock";
			outputFileListPaths = (
			);
			outputPaths = (
				"$(DERIVED_FILE_DIR)/Pods-BizplayReceipt-checkManifestLockResult.txt",
			);
			runOnlyForDeploymentPostprocessing = 0;
			shellPath = /bin/sh;
			shellScript = "diff \"${PODS_PODFILE_DIR_PATH}/Podfile.lock\" \"${PODS_ROOT}/Manifest.lock\" > /dev/null\nif [ $? != 0 ] ; then\n    # print error to STDERR\n    echo \"error: The sandbox is not in sync with the Podfile.lock. Run 'pod install' or update your CocoaPods installation.\" >&2\n    exit 1\nfi\n# This output is used by Xcode 'outputs' to avoid re-running this script phase.\necho \"SUCCESS\" > \"${SCRIPT_OUTPUT_FILE_0}\"\n";
			showEnvVarsInLog = 0;
		};
		F913D097B3724F49D715731B /* [CP] Embed Pods Frameworks */ = {
			isa = PBXShellScriptBuildPhase;
			buildActionMask = 2147483647;
			files = (
			);
			inputFileListPaths = (
				"${PODS_ROOT}/Target Support Files/Pods-BizplayReceipt/Pods-BizplayReceipt-frameworks-${CONFIGURATION}-input-files.xcfilelist",
			);
			name = "[CP] Embed Pods Frameworks";
			outputFileListPaths = (
				"${PODS_ROOT}/Target Support Files/Pods-BizplayReceipt/Pods-BizplayReceipt-frameworks-${CONFIGURATION}-output-files.xcfilelist",
			);
			runOnlyForDeploymentPostprocessing = 0;
			shellPath = /bin/sh;
			shellScript = "\"${PODS_ROOT}/Target Support Files/Pods-BizplayReceipt/Pods-BizplayReceipt-frameworks.sh\"\n";
			showEnvVarsInLog = 0;
		};
/* End PBXShellScriptBuildPhase section */

/* Begin PBXSourcesBuildPhase section */
		769C23ED23A74F8200D92396 /* Sources */ = {
			isa = PBXSourcesBuildPhase;
			buildActionMask = 2147483647;
			files = (
				76C09FA023A7648B0015AA42 /* CustomFont.swift in Sources */,
				76A07BB923A9DE0700CFB20B /* MGModel.swift in Sources */,
				76A07BBA23A9DE0700CFB20B /* MGViewModel.swift in Sources */,
				76454CF423B07DCA00E4A1DF /* CompanySelectionPopup.swift in Sources */,
				76A07BC923A9DE3D00CFB20B /* ShareInstance.swift in Sources */,
				76A07BB423A9DDBA00CFB20B /* LoginViewModel.swift in Sources */,
				76C09FA223A764A20015AA42 /* CustomColor.swift in Sources */,
				76C09FB023A77C1F0015AA42 /* PWSearchViewController.swift in Sources */,
				76A07BC623A9DE3D00CFB20B /* Extension.swift in Sources */,
				76A07BBB23A9DE0700CFB20B /* MGViewController.swift in Sources */,
				76454CF823B07F1C00E4A1DF /* CompanyCustomCell.swift in Sources */,
				76A07BCA23A9DE3D00CFB20B /* Request.swift in Sources */,
				76D0B97923B1ECE90002410E /* NotificationViewController.swift in Sources */,
				76C09F9E23A75AD00015AA42 /* MyReceiptViewController.swift in Sources */,
				76A07BC723A9DE3D00CFB20B /* DeviceInfo.swift in Sources */,
				76A07BB323A9DDBA00CFB20B /* LoginModel.swift in Sources */,
				76D0B97B23B1ECFE0002410E /* MoreViewController.swift in Sources */,
				769C240F23A7514E00D92396 /* LoginViewController.swift in Sources */,
				76C09FAE23A7764C0015AA42 /* IDSearchViewController.swift in Sources */,
				76A07BC823A9DE3D00CFB20B /* Response.swift in Sources */,
				76D0B97D23B1F3BD0002410E /* MyReceiptTabBarController.swift in Sources */,
				769C23F523A74F8200D92396 /* AppDelegate.swift in Sources */,
				76A07BC523A9DE3D00CFB20B /* DataAccess.swift in Sources */,
				7659AED623A9E19C00AFF5A0 /* IntroViewController.swift in Sources */,
			);
			runOnlyForDeploymentPostprocessing = 0;
		};
/* End PBXSourcesBuildPhase section */

/* Begin PBXVariantGroup section */
		769C23FA23A74F8200D92396 /* Main.storyboard */ = {
			isa = PBXVariantGroup;
			children = (
				769C23FB23A74F8200D92396 /* Base */,
			);
			name = Main.storyboard;
			sourceTree = "<group>";
		};
		769C23FF23A74F8300D92396 /* LaunchScreen.storyboard */ = {
			isa = PBXVariantGroup;
			children = (
				769C240023A74F8300D92396 /* Base */,
			);
			name = LaunchScreen.storyboard;
			sourceTree = "<group>";
		};
/* End PBXVariantGroup section */

/* Begin XCBuildConfiguration section */
		769C240323A74F8300D92396 /* Debug */ = {
			isa = XCBuildConfiguration;
			buildSettings = {
				ALWAYS_SEARCH_USER_PATHS = NO;
				CLANG_ANALYZER_NONNULL = YES;
				CLANG_ANALYZER_NUMBER_OBJECT_CONVERSION = YES_AGGRESSIVE;
				CLANG_CXX_LANGUAGE_STANDARD = "gnu++14";
				CLANG_CXX_LIBRARY = "libc++";
				CLANG_ENABLE_MODULES = YES;
				CLANG_ENABLE_OBJC_ARC = YES;
				CLANG_ENABLE_OBJC_WEAK = YES;
				CLANG_WARN_BLOCK_CAPTURE_AUTORELEASING = YES;
				CLANG_WARN_BOOL_CONVERSION = YES;
				CLANG_WARN_COMMA = YES;
				CLANG_WARN_CONSTANT_CONVERSION = YES;
				CLANG_WARN_DEPRECATED_OBJC_IMPLEMENTATIONS = YES;
				CLANG_WARN_DIRECT_OBJC_ISA_USAGE = YES_ERROR;
				CLANG_WARN_DOCUMENTATION_COMMENTS = YES;
				CLANG_WARN_EMPTY_BODY = YES;
				CLANG_WARN_ENUM_CONVERSION = YES;
				CLANG_WARN_INFINITE_RECURSION = YES;
				CLANG_WARN_INT_CONVERSION = YES;
				CLANG_WARN_NON_LITERAL_NULL_CONVERSION = YES;
				CLANG_WARN_OBJC_IMPLICIT_RETAIN_SELF = YES;
				CLANG_WARN_OBJC_LITERAL_CONVERSION = YES;
				CLANG_WARN_OBJC_ROOT_CLASS = YES_ERROR;
				CLANG_WARN_RANGE_LOOP_ANALYSIS = YES;
				CLANG_WARN_STRICT_PROTOTYPES = YES;
				CLANG_WARN_SUSPICIOUS_MOVE = YES;
				CLANG_WARN_UNGUARDED_AVAILABILITY = YES_AGGRESSIVE;
				CLANG_WARN_UNREACHABLE_CODE = YES;
				CLANG_WARN__DUPLICATE_METHOD_MATCH = YES;
				COPY_PHASE_STRIP = NO;
				DEBUG_INFORMATION_FORMAT = dwarf;
				ENABLE_STRICT_OBJC_MSGSEND = YES;
				ENABLE_TESTABILITY = YES;
				GCC_C_LANGUAGE_STANDARD = gnu11;
				GCC_DYNAMIC_NO_PIC = NO;
				GCC_NO_COMMON_BLOCKS = YES;
				GCC_OPTIMIZATION_LEVEL = 0;
				GCC_PREPROCESSOR_DEFINITIONS = (
					"DEBUG=1",
					"$(inherited)",
				);
				GCC_WARN_64_TO_32_BIT_CONVERSION = YES;
				GCC_WARN_ABOUT_RETURN_TYPE = YES_ERROR;
				GCC_WARN_UNDECLARED_SELECTOR = YES;
				GCC_WARN_UNINITIALIZED_AUTOS = YES_AGGRESSIVE;
				GCC_WARN_UNUSED_FUNCTION = YES;
				GCC_WARN_UNUSED_VARIABLE = YES;
				IPHONEOS_DEPLOYMENT_TARGET = 13.2;
				MTL_ENABLE_DEBUG_INFO = INCLUDE_SOURCE;
				MTL_FAST_MATH = YES;
				ONLY_ACTIVE_ARCH = YES;
				SDKROOT = iphoneos;
				SWIFT_ACTIVE_COMPILATION_CONDITIONS = DEBUG;
				SWIFT_OPTIMIZATION_LEVEL = "-Onone";
			};
			name = Debug;
		};
		769C240423A74F8300D92396 /* Release */ = {
			isa = XCBuildConfiguration;
			buildSettings = {
				ALWAYS_SEARCH_USER_PATHS = NO;
				CLANG_ANALYZER_NONNULL = YES;
				CLANG_ANALYZER_NUMBER_OBJECT_CONVERSION = YES_AGGRESSIVE;
				CLANG_CXX_LANGUAGE_STANDARD = "gnu++14";
				CLANG_CXX_LIBRARY = "libc++";
				CLANG_ENABLE_MODULES = YES;
				CLANG_ENABLE_OBJC_ARC = YES;
				CLANG_ENABLE_OBJC_WEAK = YES;
				CLANG_WARN_BLOCK_CAPTURE_AUTORELEASING = YES;
				CLANG_WARN_BOOL_CONVERSION = YES;
				CLANG_WARN_COMMA = YES;
				CLANG_WARN_CONSTANT_CONVERSION = YES;
				CLANG_WARN_DEPRECATED_OBJC_IMPLEMENTATIONS = YES;
				CLANG_WARN_DIRECT_OBJC_ISA_USAGE = YES_ERROR;
				CLANG_WARN_DOCUMENTATION_COMMENTS = YES;
				CLANG_WARN_EMPTY_BODY = YES;
				CLANG_WARN_ENUM_CONVERSION = YES;
				CLANG_WARN_INFINITE_RECURSION = YES;
				CLANG_WARN_INT_CONVERSION = YES;
				CLANG_WARN_NON_LITERAL_NULL_CONVERSION = YES;
				CLANG_WARN_OBJC_IMPLICIT_RETAIN_SELF = YES;
				CLANG_WARN_OBJC_LITERAL_CONVERSION = YES;
				CLANG_WARN_OBJC_ROOT_CLASS = YES_ERROR;
				CLANG_WARN_RANGE_LOOP_ANALYSIS = YES;
				CLANG_WARN_STRICT_PROTOTYPES = YES;
				CLANG_WARN_SUSPICIOUS_MOVE = YES;
				CLANG_WARN_UNGUARDED_AVAILABILITY = YES_AGGRESSIVE;
				CLANG_WARN_UNREACHABLE_CODE = YES;
				CLANG_WARN__DUPLICATE_METHOD_MATCH = YES;
				COPY_PHASE_STRIP = NO;
				DEBUG_INFORMATION_FORMAT = "dwarf-with-dsym";
				ENABLE_NS_ASSERTIONS = NO;
				ENABLE_STRICT_OBJC_MSGSEND = YES;
				GCC_C_LANGUAGE_STANDARD = gnu11;
				GCC_NO_COMMON_BLOCKS = YES;
				GCC_WARN_64_TO_32_BIT_CONVERSION = YES;
				GCC_WARN_ABOUT_RETURN_TYPE = YES_ERROR;
				GCC_WARN_UNDECLARED_SELECTOR = YES;
				GCC_WARN_UNINITIALIZED_AUTOS = YES_AGGRESSIVE;
				GCC_WARN_UNUSED_FUNCTION = YES;
				GCC_WARN_UNUSED_VARIABLE = YES;
				IPHONEOS_DEPLOYMENT_TARGET = 13.2;
				MTL_ENABLE_DEBUG_INFO = NO;
				MTL_FAST_MATH = YES;
				SDKROOT = iphoneos;
				SWIFT_COMPILATION_MODE = wholemodule;
				SWIFT_OPTIMIZATION_LEVEL = "-O";
				VALIDATE_PRODUCT = YES;
			};
			name = Release;
		};
		769C240623A74F8300D92396 /* Debug */ = {
			isa = XCBuildConfiguration;
			baseConfigurationReference = 39A53285B065C84490DCC019 /* Pods-BizplayReceipt.debug.xcconfig */;
			buildSettings = {
				ASSETCATALOG_COMPILER_APPICON_NAME = AppIcon;
				CODE_SIGN_IDENTITY = "Apple Development";
				CODE_SIGN_STYLE = Automatic;
				CURRENT_PROJECT_VERSION = 1;
				DEVELOPMENT_TEAM = DL7DPUW7R9;
				INFOPLIST_FILE = BizplayReceipt/ApplicationFiles/Info.plist;
				IPHONEOS_DEPLOYMENT_TARGET = 11.0;
				LD_RUNPATH_SEARCH_PATHS = (
					"$(inherited)",
					"@executable_path/Frameworks",
				);
				MARKETING_VERSION = 1.0;
				PRODUCT_BUNDLE_IDENTIFIER = "com.webcash.bizplay-receipt";
				PRODUCT_NAME = "비플 영수증";
				PROVISIONING_PROFILE_SPECIFIER = "";
				SWIFT_VERSION = 5.0;
				TARGETED_DEVICE_FAMILY = 1;
			};
			name = Debug;
		};
		769C240723A74F8300D92396 /* Release */ = {
			isa = XCBuildConfiguration;
			baseConfigurationReference = 1CE189F474AAABFC4CB191AB /* Pods-BizplayReceipt.release.xcconfig */;
			buildSettings = {
				ASSETCATALOG_COMPILER_APPICON_NAME = AppIcon;
				CODE_SIGN_IDENTITY = "Apple Development";
				CODE_SIGN_STYLE = Automatic;
				CURRENT_PROJECT_VERSION = 1;
				DEVELOPMENT_TEAM = DL7DPUW7R9;
				INFOPLIST_FILE = BizplayReceipt/ApplicationFiles/Info.plist;
				IPHONEOS_DEPLOYMENT_TARGET = 11.0;
				LD_RUNPATH_SEARCH_PATHS = (
					"$(inherited)",
					"@executable_path/Frameworks",
				);
				MARKETING_VERSION = 1.0;
				PRODUCT_BUNDLE_IDENTIFIER = "com.webcash.bizplay-receipt";
				PRODUCT_NAME = "비플 영수증";
				PROVISIONING_PROFILE_SPECIFIER = "";
				SWIFT_VERSION = 5.0;
				TARGETED_DEVICE_FAMILY = 1;
			};
			name = Release;
		};
/* End XCBuildConfiguration section */

/* Begin XCConfigurationList section */
		769C23EC23A74F8200D92396 /* Build configuration list for PBXProject "BizplayReceipt" */ = {
			isa = XCConfigurationList;
			buildConfigurations = (
				769C240323A74F8300D92396 /* Debug */,
				769C240423A74F8300D92396 /* Release */,
			);
			defaultConfigurationIsVisible = 0;
			defaultConfigurationName = Release;
		};
		769C240523A74F8300D92396 /* Build configuration list for PBXNativeTarget "BizplayReceipt" */ = {
			isa = XCConfigurationList;
			buildConfigurations = (
				769C240623A74F8300D92396 /* Debug */,
				769C240723A74F8300D92396 /* Release */,
			);
			defaultConfigurationIsVisible = 0;
			defaultConfigurationName = Release;
		};
/* End XCConfigurationList section */
	};
	rootObject = 769C23E923A74F8200D92396 /* Project object */;
}
